
Microsoft Visual Studio Solution File, Format Version 12.00
# Visual Studio Version 16
VisualStudioVersion = 16.6.30114.105
MinimumVisualStudioVersion = 10.0.40219.1
Project("{2150E333-8FDC-42A3-9474-1A3956D46DE8}") = "src", "src", "{D78F1360-DE31-425A-8A22-C4BE9AC16467}"
EndProject
Project("{FAE04EC0-301F-11D3-BF4B-00C04F79EFBC}") = "GradeBook", "src\GradeBook\GradeBook.csproj", "{7432B4C1-4AB7-4FE5-B98F-0954BD27E857}"
EndProject
Project("{2150E333-8FDC-42A3-9474-1A3956D46DE8}") = "test", "test", "{3580050F-ECF4-4C72-BEFD-11EB09DE613F}"
EndProject
Project("{FAE04EC0-301F-11D3-BF4B-00C04F79EFBC}") = "GradeBook.Tests", "test\GradeBook.Tests\GradeBook.Tests.csproj", "{52F294B1-8393-46F7-98A4-C5CF59F5E3CA}"
EndProject
Global
	GlobalSection(SolutionConfigurationPlatforms) = preSolution
		Debug|Any CPU = Debug|Any CPU
		Debug|x64 = Debug|x64
		Debug|x86 = Debug|x86
		Release|Any CPU = Release|Any CPU
		Release|x64 = Release|x64
		Release|x86 = Release|x86
	EndGlobalSection
	GlobalSection(SolutionProperties) = preSolution
		HideSolutionNode = FALSE
	EndGlobalSection
	GlobalSection(ProjectConfigurationPlatforms) = postSolution
		{7432B4C1-4AB7-4FE5-B98F-0954BD27E857}.Debug|Any CPU.ActiveCfg = Debug|Any CPU
		{7432B4C1-4AB7-4FE5-B98F-0954BD27E857}.Debug|Any CPU.Build.0 = Debug|Any CPU
		{7432B4C1-4AB7-4FE5-B98F-0954BD27E857}.Debug|x64.ActiveCfg = Debug|Any CPU
		{7432B4C1-4AB7-4FE5-B98F-0954BD27E857}.Debug|x64.Build.0 = Debug|Any CPU
		{7432B4C1-4AB7-4FE5-B98F-0954BD27E857}.Debug|x86.ActiveCfg = Debug|Any CPU
		{7432B4C1-4AB7-4FE5-B98F-0954BD27E857}.Debug|x86.Build.0 = Debug|Any CPU
		{7432B4C1-4AB7-4FE5-B98F-0954BD27E857}.Release|Any CPU.ActiveCfg = Release|Any CPU
		{7432B4C1-4AB7-4FE5-B98F-0954BD27E857}.Release|Any CPU.Build.0 = Release|Any CPU
		{7432B4C1-4AB7-4FE5-B98F-0954BD27E857}.Release|x64.ActiveCfg = Release|Any CPU
		{7432B4C1-4AB7-4FE5-B98F-0954BD27E857}.Release|x64.Build.0 = Release|Any CPU
		{7432B4C1-4AB7-4FE5-B98F-0954BD27E857}.Release|x86.ActiveCfg = Release|Any CPU
		{7432B4C1-4AB7-4FE5-B98F-0954BD27E857}.Release|x86.Build.0 = Release|Any CPU
		{52F294B1-8393-46F7-98A4-C5CF59F5E3CA}.Debug|Any CPU.ActiveCfg = Debug|Any CPU
		{52F294B1-8393-46F7-98A4-C5CF59F5E3CA}.Debug|Any CPU.Build.0 = Debug|Any CPU
		{52F294B1-8393-46F7-98A4-C5CF59F5E3CA}.Debug|x64.ActiveCfg = Debug|Any CPU
		{52F294B1-8393-46F7-98A4-C5CF59F5E3CA}.Debug|x64.Build.0 = Debug|Any CPU
		{52F294B1-8393-46F7-98A4-C5CF59F5E3CA}.Debug|x86.ActiveCfg = Debug|Any CPU
		{52F294B1-8393-46F7-98A4-C5CF59F5E3CA}.Debug|x86.Build.0 = Debug|Any CPU
		{52F294B1-8393-46F7-98A4-C5CF59F5E3CA}.Release|Any CPU.ActiveCfg = Release|Any CPU
		{52F294B1-8393-46F7-98A4-C5CF59F5E3CA}.Release|Any CPU.Build.0 = Release|Any CPU
		{52F294B1-8393-46F7-98A4-C5CF59F5E3CA}.Release|x64.ActiveCfg = Release|Any CPU
		{52F294B1-8393-46F7-98A4-C5CF59F5E3CA}.Release|x64.Build.0 = Release|Any CPU
		{52F294B1-8393-46F7-98A4-C5CF59F5E3CA}.Release|x86.ActiveCfg = Release|Any CPU
		{52F294B1-8393-46F7-98A4-C5CF59F5E3CA}.Release|x86.Build.0 = Release|Any CPU
	EndGlobalSection
	GlobalSection(NestedProjects) = preSolution
		{7432B4C1-4AB7-4FE5-B98F-0954BD27E857} = {D78F1360-DE31-425A-8A22-C4BE9AC16467}
		{52F294B1-8393-46F7-98A4-C5CF59F5E3CA} = {3580050F-ECF4-4C72-BEFD-11EB09DE613F}
	EndGlobalSection
EndGlobal
